// !$*UTF8*$!
{
	archiveVersion = 1;
	classes = {
	};
	objectVersion = 46;
	objects = {

/* Begin PBXBuildFile section */
		8CE76BF91B67D0B2007B4309 /* AppDelegate.swift in Sources */ = {isa = PBXBuildFile; fileRef = 8CE76BF81B67D0B2007B4309 /* AppDelegate.swift */; };
		8CE76BFB1B67D0B2007B4309 /* ViewController.swift in Sources */ = {isa = PBXBuildFile; fileRef = 8CE76BFA1B67D0B2007B4309 /* ViewController.swift */; };
		8CE76BFE1B67D0B2007B4309 /* Main.storyboard in Resources */ = {isa = PBXBuildFile; fileRef = 8CE76BFC1B67D0B2007B4309 /* Main.storyboard */; };
		8CE76C001B67D0B2007B4309 /* Images.xcassets in Resources */ = {isa = PBXBuildFile; fileRef = 8CE76BFF1B67D0B2007B4309 /* Images.xcassets */; };
		8CE76C031B67D0B2007B4309 /* LaunchScreen.xib in Resources */ = {isa = PBXBuildFile; fileRef = 8CE76C011B67D0B2007B4309 /* LaunchScreen.xib */; };
		8CE76C0F1B67D0B2007B4309 /* MemeMeTests.swift in Sources */ = {isa = PBXBuildFile; fileRef = 8CE76C0E1B67D0B2007B4309 /* MemeMeTests.swift */; };
/* End PBXBuildFile section */

/* Begin PBXContainerItemProxy section */
		8CE76C091B67D0B2007B4309 /* PBXContainerItemProxy */ = {
			isa = PBXContainerItemProxy;
			containerPortal = 8CE76BEB1B67D0B1007B4309 /* Project object */;
			proxyType = 1;
			remoteGlobalIDString = 8CE76BF21B67D0B2007B4309;
			remoteInfo = MemeMe;
		};
/* End PBXContainerItemProxy section */

/* Begin PBXFileReference section */
		8CE76BF31B67D0B2007B4309 /* MemeMe.app */ = {isa = PBXFileReference; explicitFileType = wrapper.application; includeInIndex = 0; path = MemeMe.app; sourceTree = BUILT_PRODUCTS_DIR; };
		8CE76BF71B67D0B2007B4309 /* Info.plist */ = {isa = PBXFileReference; lastKnownFileType = text.plist.xml; path = Info.plist; sourceTree = "<group>"; };
		8CE76BF81B67D0B2007B4309 /* AppDelegate.swift */ = {isa = PBXFileReference; lastKnownFileType = sourcecode.swift; path = AppDelegate.swift; sourceTree = "<group>"; };
		8CE76BFA1B67D0B2007B4309 /* ViewController.swift */ = {isa = PBXFileReference; lastKnownFileType = sourcecode.swift; path = ViewController.swift; sourceTree = "<group>"; };
		8CE76BFD1B67D0B2007B4309 /* Base */ = {isa = PBXFileReference; lastKnownFileType = file.storyboard; name = Base; path = Base.lproj/Main.storyboard; sourceTree = "<group>"; };
		8CE76BFF1B67D0B2007B4309 /* Images.xcassets */ = {isa = PBXFileReference; lastKnownFileType = folder.assetcatalog; path = Images.xcassets; sourceTree = "<group>"; };
		8CE76C021B67D0B2007B4309 /* Base */ = {isa = PBXFileReference; lastKnownFileType = file.xib; name = Base; path = Base.lproj/LaunchScreen.xib; sourceTree = "<group>"; };
		8CE76C081B67D0B2007B4309 /* MemeMeTests.xctest */ = {isa = PBXFileReference; explicitFileType = wrapper.cfbundle; includeInIndex = 0; path = MemeMeTests.xctest; sourceTree = BUILT_PRODUCTS_DIR; };
		8CE76C0D1B67D0B2007B4309 /* Info.plist */ = {isa = PBXFileReference; lastKnownFileType = text.plist.xml; path = Info.plist; sourceTree = "<group>"; };
		8CE76C0E1B67D0B2007B4309 /* MemeMeTests.swift */ = {isa = PBXFileReference; lastKnownFileType = sourcecode.swift; path = MemeMeTests.swift; sourceTree = "<group>"; };
/* End PBXFileReference section */

/* Begin PBXFrameworksBuildPhase section */
		8CE76BF01B67D0B2007B4309 /* Frameworks */ = {
			isa = PBXFrameworksBuildPhase;
			buildActionMask = 2147483647;
			files = (
			);
			runOnlyForDeploymentPostprocessing = 0;
		};
		8CE76C051B67D0B2007B4309 /* Frameworks */ = {
			isa = PBXFrameworksBuildPhase;
			buildActionMask = 2147483647;
			files = (
			);
			runOnlyForDeploymentPostprocessing = 0;
		};
/* End PBXFrameworksBuildPhase section */

/* Begin PBXGroup section */
		8CE76BEA1B67D0B1007B4309 = {
			isa = PBXGroup;
			children = (
				8CE76BF51B67D0B2007B4309 /* MemeMe */,
				8CE76C0B1B67D0B2007B4309 /* MemeMeTests */,
				8CE76BF41B67D0B2007B4309 /* Products */,
			);
			sourceTree = "<group>";
		};
		8CE76BF41B67D0B2007B4309 /* Products */ = {
			isa = PBXGroup;
			children = (
				8CE76BF31B67D0B2007B4309 /* MemeMe.app */,
				8CE76C081B67D0B2007B4309 /* MemeMeTests.xctest */,
			);
			name = Products;
			sourceTree = "<group>";
		};
		8CE76BF51B67D0B2007B4309 /* MemeMe */ = {
			isa = PBXGroup;
			children = (
				8CE76BF81B67D0B2007B4309 /* AppDelegate.swift */,
				8CE76BFA1B67D0B2007B4309 /* ViewController.swift */,
				8CE76BFC1B67D0B2007B4309 /* Main.storyboard */,
				8CE76BFF1B67D0B2007B4309 /* Images.xcassets */,
				8CE76C011B67D0B2007B4309 /* LaunchScreen.xib */,
				8CE76BF61B67D0B2007B4309 /* Supporting Files */,
			);
			path = MemeMe;
			sourceTree = "<group>";
		};
		8CE76BF61B67D0B2007B4309 /* Supporting Files */ = {
			isa = PBXGroup;
			children = (
				8CE76BF71B67D0B2007B4309 /* Info.plist */,
			);
			name = "Supporting Files";
			sourceTree = "<group>";
		};
		8CE76C0B1B67D0B2007B4309 /* MemeMeTests */ = {
			isa = PBXGroup;
			children = (
				8CE76C0E1B67D0B2007B4309 /* MemeMeTests.swift */,
				8CE76C0C1B67D0B2007B4309 /* Supporting Files */,
			);
			path = MemeMeTests;
			sourceTree = "<group>";
		};
		8CE76C0C1B67D0B2007B4309 /* Supporting Files */ = {
			isa = PBXGroup;
			children = (
				8CE76C0D1B67D0B2007B4309 /* Info.plist */,
			);
			name = "Supporting Files";
			sourceTree = "<group>";
		};
/* End PBXGroup section */

/* Begin PBXNativeTarget section */
		8CE76BF21B67D0B2007B4309 /* MemeMe */ = {
			isa = PBXNativeTarget;
			buildConfigurationList = 8CE76C121B67D0B2007B4309 /* Build configuration list for PBXNativeTarget "MemeMe" */;
			buildPhases = (
				8CE76BEF1B67D0B2007B4309 /* Sources */,
				8CE76BF01B67D0B2007B4309 /* Frameworks */,
				8CE76BF11B67D0B2007B4309 /* Resources */,
			);
			buildRules = (
			);
			dependencies = (
			);
			name = MemeMe;
			productName = MemeMe;
			productReference = 8CE76BF31B67D0B2007B4309 /* MemeMe.app */;
			productType = "com.apple.product-type.application";
		};
		8CE76C071B67D0B2007B4309 /* MemeMeTests */ = {
			isa = PBXNativeTarget;
			buildConfigurationList = 8CE76C151B67D0B2007B4309 /* Build configuration list for PBXNativeTarget "MemeMeTests" */;
			buildPhases = (
				8CE76C041B67D0B2007B4309 /* Sources */,
				8CE76C051B67D0B2007B4309 /* Frameworks */,
				8CE76C061B67D0B2007B4309 /* Resources */,
			);
			buildRules = (
			);
			dependencies = (
				8CE76C0A1B67D0B2007B4309 /* PBXTargetDependency */,
			);
			name = MemeMeTests;
			productName = MemeMeTests;
			productReference = 8CE76C081B67D0B2007B4309 /* MemeMeTests.xctest */;
			productType = "com.apple.product-type.bundle.unit-test";
		};
/* End PBXNativeTarget section */

/* Begin PBXProject section */
		8CE76BEB1B67D0B1007B4309 /* Project object */ = {
			isa = PBXProject;
			attributes = {
				LastUpgradeCheck = 0640;
				ORGANIZATIONNAME = Akbalini;
				TargetAttributes = {
					8CE76BF21B67D0B2007B4309 = {
						CreatedOnToolsVersion = 6.4;
					};
					8CE76C071B67D0B2007B4309 = {
						CreatedOnToolsVersion = 6.4;
						TestTargetID = 8CE76BF21B67D0B2007B4309;
					};
				};
			};
			buildConfigurationList = 8CE76BEE1B67D0B1007B4309 /* Build configuration list for PBXProject "MemeMe" */;
			compatibilityVersion = "Xcode 3.2";
			developmentRegion = English;
			hasScannedForEncodings = 0;
			knownRegions = (
				en,
				Base,
			);
			mainGroup = 8CE76BEA1B67D0B1007B4309;
			productRefGroup = 8CE76BF41B67D0B2007B4309 /* Products */;
			projectDirPath = "";
			projectRoot = "";
			targets = (
				8CE76BF21B67D0B2007B4309 /* MemeMe */,
				8CE76C071B67D0B2007B4309 /* MemeMeTests */,
			);
		};
/* End PBXProject section */

/* Begin PBXResourcesBuildPhase section */
		8CE76BF11B67D0B2007B4309 /* Resources */ = {
			isa = PBXResourcesBuildPhase;
			buildActionMask = 2147483647;
			files = (
				8CE76BFE1B67D0B2007B4309 /* Main.storyboard in Resources */,
				8CE76C031B67D0B2007B4309 /* LaunchScreen.xib in Resources */,
				8CE76C001B67D0B2007B4309 /* Images.xcassets in Resources */,
			);
			runOnlyForDeploymentPostprocessing = 0;
		};
		8CE76C061B67D0B2007B4309 /* Resources */ = {
			isa = PBXResourcesBuildPhase;
			buildActionMask = 2147483647;
			files = (
			);
			runOnlyForDeploymentPostprocessing = 0;
		};
/* End PBXResourcesBuildPhase section */

/* Begin PBXSourcesBuildPhase section */
		8CE76BEF1B67D0B2007B4309 /* Sources */ = {
			isa = PBXSourcesBuildPhase;
			buildActionMask = 2147483647;
			files = (
				8CE76BFB1B67D0B2007B4309 /* ViewController.swift in Sources */,
				8CE76BF91B67D0B2007B4309 /* AppDelegate.swift in Sources */,
			);
			runOnlyForDeploymentPostprocessing = 0;
		};
		8CE76C041B67D0B2007B4309 /* Sources */ = {
			isa = PBXSourcesBuildPhase;
			buildActionMask = 2147483647;
			files = (
				8CE76C0F1B67D0B2007B4309 /* MemeMeTests.swift in Sources */,
			);
			runOnlyForDeploymentPostprocessing = 0;
		};
/* End PBXSourcesBuildPhase section */

/* Begin PBXTargetDependency section */
		8CE76C0A1B67D0B2007B4309 /* PBXTargetDependency */ = {
			isa = PBXTargetDependency;
			target = 8CE76BF21B67D0B2007B4309 /* MemeMe */;
			targetProxy = 8CE76C091B67D0B2007B4309 /* PBXContainerItemProxy */;
		};
/* End PBXTargetDependency section */

/* Begin PBXVariantGroup section */
		8CE76BFC1B67D0B2007B4309 /* Main.storyboard */ = {
			isa = PBXVariantGroup;
			children = (
				8CE76BFD1B67D0B2007B4309 /* Base */,
			);
			name = Main.storyboard;
			sourceTree = "<group>";
		};
		8CE76C011B67D0B2007B4309 /* LaunchScreen.xib */ = {
			isa = PBXVariantGroup;
			children = (
				8CE76C021B67D0B2007B4309 /* Base */,
			);
			name = LaunchScreen.xib;
			sourceTree = "<group>";
		};
/* End PBXVariantGroup section */

/* Begin XCBuildConfiguration section */
		8CE76C101B67D0B2007B4309 /* Debug */ = {
			isa = XCBuildConfiguration;
			buildSettings = {
				ALWAYS_SEARCH_USER_PATHS = NO;
				CLANG_CXX_LANGUAGE_STANDARD = "gnu++0x";
				CLANG_CXX_LIBRARY = "libc++";
				CLANG_ENABLE_MODULES = YES;
				CLANG_ENABLE_OBJC_ARC = YES;
				CLANG_WARN_BOOL_CONVERSION = YES;
				CLANG_WARN_CONSTANT_CONVERSION = YES;
				CLANG_WARN_DIRECT_OBJC_ISA_USAGE = YES_ERROR;
				CLANG_WARN_EMPTY_BODY = YES;
				CLANG_WARN_ENUM_CONVERSION = YES;
				CLANG_WARN_INT_CONVERSION = YES;
				CLANG_WARN_OBJC_ROOT_CLASS = YES_ERROR;
				CLANG_WARN_UNREACHABLE_CODE = YES;
				CLANG_WARN__DUPLICATE_METHOD_MATCH = YES;
				"CODE_SIGN_IDENTITY[sdk=iphoneos*]" = "iPhone Developer";
				COPY_PHASE_STRIP = NO;
				DEBUG_INFORMATION_FORMAT = "dwarf-with-dsym";
				ENABLE_STRICT_OBJC_MSGSEND = YES;
				GCC_C_LANGUAGE_STANDARD = gnu99;
				GCC_DYNAMIC_NO_PIC = NO;
				GCC_NO_COMMON_BLOCKS = YES;
				GCC_OPTIMIZATION_LEVEL = 0;
				GCC_PREPROCESSOR_DEFINITIONS = (
					"DEBUG=1",
					"$(inherited)",
				);
				GCC_SYMBOLS_PRIVATE_EXTERN = NO;
				GCC_WARN_64_TO_32_BIT_CONVERSION = YES;
				GCC_WARN_ABOUT_RETURN_TYPE = YES_ERROR;
				GCC_WARN_UNDECLARED_SELECTOR = YES;
				GCC_WARN_UNINITIALIZED_AUTOS = YES_AGGRESSIVE;
				GCC_WARN_UNUSED_FUNCTION = YES;
				GCC_WARN_UNUSED_VARIABLE = YES;
				IPHONEOS_DEPLOYMENT_TARGET = 8.4;
				MTL_ENABLE_DEBUG_INFO = YES;
				ONLY_ACTIVE_ARCH = YES;
				SDKROOT = iphoneos;
				SWIFT_OPTIMIZATION_LEVEL = "-Onone";
			};
			name = Debug;
		};
		8CE76C111B67D0B2007B4309 /* Release */ = {
			isa = XCBuildConfiguration;
			buildSettings = {
				ALWAYS_SEARCH_USER_PATHS = NO;
				CLANG_CXX_LANGUAGE_STANDARD = "gnu++0x";
				CLANG_CXX_LIBRARY = "libc++";
				CLANG_ENABLE_MODULES = YES;
				CLANG_ENABLE_OBJC_ARC = YES;
				CLANG_WARN_BOOL_CONVERSION = YES;
				CLANG_WARN_CONSTANT_CONVERSION = YES;
				CLANG_WARN_DIRECT_OBJC_ISA_USAGE = YES_ERROR;
				CLANG_WARN_EMPTY_BODY = YES;
				CLANG_WARN_ENUM_CONVERSION = YES;
				CLANG_WARN_INT_CONVERSION = YES;
				CLANG_WARN_OBJC_ROOT_CLASS = YES_ERROR;
				CLANG_WARN_UNREACHABLE_CODE = YES;
				CLANG_WARN__DUPLICATE_METHOD_MATCH = YES;
				"CODE_SIGN_IDENTITY[sdk=iphoneos*]" = "iPhone Developer";
				COPY_PHASE_STRIP = NO;
				DEBUG_INFORMATION_FORMAT = "dwarf-with-dsym";
				ENABLE_NS_ASSERTIONS = NO;
				ENABLE_STRICT_OBJC_MSGSEND = YES;
				GCC_C_LANGUAGE_STANDARD = gnu99;
				GCC_NO_COMMON_BLOCKS = YES;
				GCC_WARN_64_TO_32_BIT_CONVERSION = YES;
				GCC_WARN_ABOUT_RETURN_TYPE = YES_ERROR;
				GCC_WARN_UNDECLARED_SELECTOR = YES;
				GCC_WARN_UNINITIALIZED_AUTOS = YES_AGGRESSIVE;
				GCC_WARN_UNUSED_FUNCTION = YES;
				GCC_WARN_UNUSED_VARIABLE = YES;
				IPHONEOS_DEPLOYMENT_TARGET = 8.4;
				MTL_ENABLE_DEBUG_INFO = NO;
				SDKROOT = iphoneos;
				VALIDATE_PRODUCT = YES;
			};
			name = Release;
		};
		8CE76C131B67D0B2007B4309 /* Debug */ = {
			isa = XCBuildConfiguration;
			buildSettings = {
				ASSETCATALOG_COMPILER_APPICON_NAME = AppIcon;
				INFOPLIST_FILE = MemeMe/Info.plist;
				LD_RUNPATH_SEARCH_PATHS = "$(inherited) @executable_path/Frameworks";
				PRODUCT_NAME = "$(TARGET_NAME)";
			};
			name = Debug;
		};
		8CE76C141B67D0B2007B4309 /* Release */ = {
			isa = XCBuildConfiguration;
			buildSettings = {
				ASSETCATALOG_COMPILER_APPICON_NAME = AppIcon;
				INFOPLIST_FILE = MemeMe/Info.plist;
				LD_RUNPATH_SEARCH_PATHS = "$(inherited) @executable_path/Frameworks";
				PRODUCT_NAME = "$(TARGET_NAME)";
			};
			name = Release;
		};
		8CE76C161B67D0B2007B4309 /* Debug */ = {
			isa = XCBuildConfiguration;
			buildSettings = {
				BUNDLE_LOADER = "$(TEST_HOST)";
				FRAMEWORK_SEARCH_PATHS = (
					"$(SDKROOT)/Developer/Library/Frameworks",
					"$(inherited)",
				);
				GCC_PREPROCESSOR_DEFINITIONS = (
					"DEBUG=1",
					"$(inherited)",
				);
				INFOPLIST_FILE = MemeMeTests/Info.plist;
				LD_RUNPATH_SEARCH_PATHS = "$(inherited) @executable_path/Frameworks @loader_path/Frameworks";
				PRODUCT_NAME = "$(TARGET_NAME)";
				TEST_HOST = "$(BUILT_PRODUCTS_DIR)/MemeMe.app/MemeMe";
			};
			name = Debug;
		};
		8CE76C171B67D0B2007B4309 /* Release */ = {
			isa = XCBuildConfiguration;
			buildSettings = {
				BUNDLE_LOADER = "$(TEST_HOST)";
				FRAMEWORK_SEARCH_PATHS = (
					"$(SDKROOT)/Developer/Library/Frameworks",
					"$(inherited)",
				);
				INFOPLIST_FILE = MemeMeTests/Info.plist;
				LD_RUNPATH_SEARCH_PATHS = "$(inherited) @executable_path/Frameworks @loader_path/Frameworks";
				PRODUCT_NAME = "$(TARGET_NAME)";
				TEST_HOST = "$(BUILT_PRODUCTS_DIR)/MemeMe.app/MemeMe";
			};
			name = Release;
		};
/* End XCBuildConfiguration section */

/* Begin XCConfigurationList section */
		8CE76BEE1B67D0B1007B4309 /* Build configuration list for PBXProject "MemeMe" */ = {
			isa = XCConfigurationList;
			buildConfigurations = (
				8CE76C101B67D0B2007B4309 /* Debug */,
				8CE76C111B67D0B2007B4309 /* Release */,
			);
			defaultConfigurationIsVisible = 0;
			defaultConfigurationName = Release;
		};
		8CE76C121B67D0B2007B4309 /* Build configuration list for PBXNativeTarget "MemeMe" */ = {
			isa = XCConfigurationList;
			buildConfigurations = (
				8CE76C131B67D0B2007B4309 /* Debug */,
				8CE76C141B67D0B2007B4309 /* Release */,
			);
			defaultConfigurationIsVisible = 0;
		};
		8CE76C151B67D0B2007B4309 /* Build configuration list for PBXNativeTarget "MemeMeTests" */ = {
			isa = XCConfigurationList;
			buildConfigurations = (
				8CE76C161B67D0B2007B4309 /* Debug */,
				8CE76C171B67D0B2007B4309 /* Release */,
			);
			defaultConfigurationIsVisible = 0;
		};
/* End XCConfigurationList section */
	};
	rootObject = 8CE76BEB1B67D0B1007B4309 /* Project object */;
}
